
Microsoft Visual Studio Solution File, Format Version 12.00
# Visual Studio Version 16
VisualStudioVersion = 16.0.31605.320
MinimumVisualStudioVersion = 10.0.40219.1
Project("{FAE04EC0-301F-11D3-BF4B-00C04F79EFBC}") = "Command Pattern Exercise", "Command Pattern Exercise.csproj", "{AEEECA12-091E-4A46-9A10-0535E8021DEA}"
EndProject
Global
	GlobalSection(SolutionConfigurationPlatforms) = preSolution
		Debug|Any CPU = Debug|Any CPU
		Release|Any CPU = Release|Any CPU
	EndGlobalSection
	GlobalSection(ProjectConfigurationPlatforms) = postSolution
		{AEEECA12-091E-4A46-9A10-0535E8021DEA}.Debug|Any CPU.ActiveCfg = Debug|Any CPU
		{AEEECA12-091E-4A46-9A10-0535E8021DEA}.Debug|Any CPU.Build.0 = Debug|Any CPU
		{AEEECA12-091E-4A46-9A10-0535E8021DEA}.Release|Any CPU.ActiveCfg = Release|Any CPU
		{AEEECA12-091E-4A46-9A10-0535E8021DEA}.Release|Any CPU.Build.0 = Release|Any CPU
	EndGlobalSection
	GlobalSection(SolutionProperties) = preSolution
		HideSolutionNode = FALSE
	EndGlobalSection
	GlobalSection(ExtensibilityGlobals) = postSolution
		SolutionGuid = {9DD20160-C960-435F-AEAF-5D54A5F8AD1D}
	EndGlobalSection
EndGlobal
