
Microsoft Visual Studio Solution File, Format Version 12.00
# Visual Studio Version 16
VisualStudioVersion = 16.0.31605.320
MinimumVisualStudioVersion = 10.0.40219.1
Project("{FAE04EC0-301F-11D3-BF4B-00C04F79EFBC}") = "Builder Pattern", "Builder Pattern.csproj", "{8790C95C-4925-42D2-9E6E-FA2FC65006B9}"
EndProject
Global
	GlobalSection(SolutionConfigurationPlatforms) = preSolution
		Debug|Any CPU = Debug|Any CPU
		Release|Any CPU = Release|Any CPU
	EndGlobalSection
	GlobalSection(ProjectConfigurationPlatforms) = postSolution
		{8790C95C-4925-42D2-9E6E-FA2FC65006B9}.Debug|Any CPU.ActiveCfg = Debug|Any CPU
		{8790C95C-4925-42D2-9E6E-FA2FC65006B9}.Debug|Any CPU.Build.0 = Debug|Any CPU
		{8790C95C-4925-42D2-9E6E-FA2FC65006B9}.Release|Any CPU.ActiveCfg = Release|Any CPU
		{8790C95C-4925-42D2-9E6E-FA2FC65006B9}.Release|Any CPU.Build.0 = Release|Any CPU
	EndGlobalSection
	GlobalSection(SolutionProperties) = preSolution
		HideSolutionNode = FALSE
	EndGlobalSection
	GlobalSection(ExtensibilityGlobals) = postSolution
		SolutionGuid = {3B0BCCDD-BB9C-41D1-BBD6-9BDCEDA7463B}
	EndGlobalSection
EndGlobal
