
Microsoft Visual Studio Solution File, Format Version 12.00
# Visual Studio Version 16
VisualStudioVersion = 16.0.31605.320
MinimumVisualStudioVersion = 10.0.40219.1
Project("{FAE04EC0-301F-11D3-BF4B-00C04F79EFBC}") = "Proxy Pattern Exercise", "Proxy Pattern Exercise.csproj", "{A8DE4A2B-48F6-4431-84BB-32BF7C663EED}"
EndProject
Global
	GlobalSection(SolutionConfigurationPlatforms) = preSolution
		Debug|Any CPU = Debug|Any CPU
		Release|Any CPU = Release|Any CPU
	EndGlobalSection
	GlobalSection(ProjectConfigurationPlatforms) = postSolution
		{A8DE4A2B-48F6-4431-84BB-32BF7C663EED}.Debug|Any CPU.ActiveCfg = Debug|Any CPU
		{A8DE4A2B-48F6-4431-84BB-32BF7C663EED}.Debug|Any CPU.Build.0 = Debug|Any CPU
		{A8DE4A2B-48F6-4431-84BB-32BF7C663EED}.Release|Any CPU.ActiveCfg = Release|Any CPU
		{A8DE4A2B-48F6-4431-84BB-32BF7C663EED}.Release|Any CPU.Build.0 = Release|Any CPU
	EndGlobalSection
	GlobalSection(SolutionProperties) = preSolution
		HideSolutionNode = FALSE
	EndGlobalSection
	GlobalSection(ExtensibilityGlobals) = postSolution
		SolutionGuid = {E6A9E09C-5B04-4735-ADD9-3CBDC4DC01A5}
	EndGlobalSection
EndGlobal
