
Microsoft Visual Studio Solution File, Format Version 12.00
# Visual Studio Version 16
VisualStudioVersion = 16.0.31605.320
MinimumVisualStudioVersion = 10.0.40219.1
Project("{FAE04EC0-301F-11D3-BF4B-00C04F79EFBC}") = "Chain Of Responsibility", "Chain Of Responsibility.csproj", "{79456F5C-3514-4416-96BF-996DABE978B0}"
EndProject
Global
	GlobalSection(SolutionConfigurationPlatforms) = preSolution
		Debug|Any CPU = Debug|Any CPU
		Release|Any CPU = Release|Any CPU
	EndGlobalSection
	GlobalSection(ProjectConfigurationPlatforms) = postSolution
		{79456F5C-3514-4416-96BF-996DABE978B0}.Debug|Any CPU.ActiveCfg = Debug|Any CPU
		{79456F5C-3514-4416-96BF-996DABE978B0}.Debug|Any CPU.Build.0 = Debug|Any CPU
		{79456F5C-3514-4416-96BF-996DABE978B0}.Release|Any CPU.ActiveCfg = Release|Any CPU
		{79456F5C-3514-4416-96BF-996DABE978B0}.Release|Any CPU.Build.0 = Release|Any CPU
	EndGlobalSection
	GlobalSection(SolutionProperties) = preSolution
		HideSolutionNode = FALSE
	EndGlobalSection
	GlobalSection(ExtensibilityGlobals) = postSolution
		SolutionGuid = {B9877F9A-54DE-4E3E-BB6A-ED1943627515}
	EndGlobalSection
EndGlobal
