
Microsoft Visual Studio Solution File, Format Version 12.00
# Visual Studio Version 16
VisualStudioVersion = 16.0.31605.320
MinimumVisualStudioVersion = 10.0.40219.1
Project("{FAE04EC0-301F-11D3-BF4B-00C04F79EFBC}") = "Strategy_Pattern_Exercise", "Strategy_Pattern_Exercise.csproj", "{485FEBC1-5F1C-4CA6-B3BC-DBF799D61BAE}"
EndProject
Global
	GlobalSection(SolutionConfigurationPlatforms) = preSolution
		Debug|Any CPU = Debug|Any CPU
		Release|Any CPU = Release|Any CPU
	EndGlobalSection
	GlobalSection(ProjectConfigurationPlatforms) = postSolution
		{485FEBC1-5F1C-4CA6-B3BC-DBF799D61BAE}.Debug|Any CPU.ActiveCfg = Debug|Any CPU
		{485FEBC1-5F1C-4CA6-B3BC-DBF799D61BAE}.Debug|Any CPU.Build.0 = Debug|Any CPU
		{485FEBC1-5F1C-4CA6-B3BC-DBF799D61BAE}.Release|Any CPU.ActiveCfg = Release|Any CPU
		{485FEBC1-5F1C-4CA6-B3BC-DBF799D61BAE}.Release|Any CPU.Build.0 = Release|Any CPU
	EndGlobalSection
	GlobalSection(SolutionProperties) = preSolution
		HideSolutionNode = FALSE
	EndGlobalSection
	GlobalSection(ExtensibilityGlobals) = postSolution
		SolutionGuid = {F1060A59-9558-400E-9FFF-11249B5429C4}
	EndGlobalSection
EndGlobal
