
Microsoft Visual Studio Solution File, Format Version 12.00
# Visual Studio Version 16
VisualStudioVersion = 16.0.31605.320
MinimumVisualStudioVersion = 10.0.40219.1
Project("{FAE04EC0-301F-11D3-BF4B-00C04F79EFBC}") = "Builder Pattern Exercise", "Builder Pattern Exercise.csproj", "{331C79EC-368A-4931-9166-FFD5C55AD49E}"
EndProject
Global
	GlobalSection(SolutionConfigurationPlatforms) = preSolution
		Debug|Any CPU = Debug|Any CPU
		Release|Any CPU = Release|Any CPU
	EndGlobalSection
	GlobalSection(ProjectConfigurationPlatforms) = postSolution
		{331C79EC-368A-4931-9166-FFD5C55AD49E}.Debug|Any CPU.ActiveCfg = Debug|Any CPU
		{331C79EC-368A-4931-9166-FFD5C55AD49E}.Debug|Any CPU.Build.0 = Debug|Any CPU
		{331C79EC-368A-4931-9166-FFD5C55AD49E}.Release|Any CPU.ActiveCfg = Release|Any CPU
		{331C79EC-368A-4931-9166-FFD5C55AD49E}.Release|Any CPU.Build.0 = Release|Any CPU
	EndGlobalSection
	GlobalSection(SolutionProperties) = preSolution
		HideSolutionNode = FALSE
	EndGlobalSection
	GlobalSection(ExtensibilityGlobals) = postSolution
		SolutionGuid = {ECC4FA88-31A7-4A6A-AD4F-C8A7AB818B6D}
	EndGlobalSection
EndGlobal
