
Microsoft Visual Studio Solution File, Format Version 12.00
# Visual Studio Version 16
VisualStudioVersion = 16.0.31605.320
MinimumVisualStudioVersion = 10.0.40219.1
Project("{FAE04EC0-301F-11D3-BF4B-00C04F79EFBC}") = "Itterator_Exercise", "Itterator_Exercise.csproj", "{D009805D-0CF9-44BB-B5AC-CDAB9DF8BF2C}"
EndProject
Global
	GlobalSection(SolutionConfigurationPlatforms) = preSolution
		Debug|Any CPU = Debug|Any CPU
		Release|Any CPU = Release|Any CPU
	EndGlobalSection
	GlobalSection(ProjectConfigurationPlatforms) = postSolution
		{D009805D-0CF9-44BB-B5AC-CDAB9DF8BF2C}.Debug|Any CPU.ActiveCfg = Debug|Any CPU
		{D009805D-0CF9-44BB-B5AC-CDAB9DF8BF2C}.Debug|Any CPU.Build.0 = Debug|Any CPU
		{D009805D-0CF9-44BB-B5AC-CDAB9DF8BF2C}.Release|Any CPU.ActiveCfg = Release|Any CPU
		{D009805D-0CF9-44BB-B5AC-CDAB9DF8BF2C}.Release|Any CPU.Build.0 = Release|Any CPU
	EndGlobalSection
	GlobalSection(SolutionProperties) = preSolution
		HideSolutionNode = FALSE
	EndGlobalSection
	GlobalSection(ExtensibilityGlobals) = postSolution
		SolutionGuid = {181B6AA5-CF48-4BA1-A50D-14DDAD973E4E}
	EndGlobalSection
EndGlobal
