
Microsoft Visual Studio Solution File, Format Version 12.00
# Visual Studio Version 16
VisualStudioVersion = 16.0.31605.320
MinimumVisualStudioVersion = 10.0.40219.1
Project("{FAE04EC0-301F-11D3-BF4B-00C04F79EFBC}") = "Mediator Exercise", "Mediator Exercise.csproj", "{2A385DA5-30D1-4FC0-AF9D-1076AF9B4C22}"
EndProject
Global
	GlobalSection(SolutionConfigurationPlatforms) = preSolution
		Debug|Any CPU = Debug|Any CPU
		Release|Any CPU = Release|Any CPU
	EndGlobalSection
	GlobalSection(ProjectConfigurationPlatforms) = postSolution
		{2A385DA5-30D1-4FC0-AF9D-1076AF9B4C22}.Debug|Any CPU.ActiveCfg = Debug|Any CPU
		{2A385DA5-30D1-4FC0-AF9D-1076AF9B4C22}.Debug|Any CPU.Build.0 = Debug|Any CPU
		{2A385DA5-30D1-4FC0-AF9D-1076AF9B4C22}.Release|Any CPU.ActiveCfg = Release|Any CPU
		{2A385DA5-30D1-4FC0-AF9D-1076AF9B4C22}.Release|Any CPU.Build.0 = Release|Any CPU
	EndGlobalSection
	GlobalSection(SolutionProperties) = preSolution
		HideSolutionNode = FALSE
	EndGlobalSection
	GlobalSection(ExtensibilityGlobals) = postSolution
		SolutionGuid = {6AE45611-C1E4-4DE5-8D14-864679F0F1C9}
	EndGlobalSection
EndGlobal
