
Microsoft Visual Studio Solution File, Format Version 12.00
# Visual Studio Version 16
VisualStudioVersion = 16.0.31605.320
MinimumVisualStudioVersion = 10.0.40219.1
Project("{FAE04EC0-301F-11D3-BF4B-00C04F79EFBC}") = "Factory Method Pattern Exercise", "Factory Method Pattern Exercise.csproj", "{0A9B5455-434F-4F70-8801-24C168EBF40C}"
EndProject
Global
	GlobalSection(SolutionConfigurationPlatforms) = preSolution
		Debug|Any CPU = Debug|Any CPU
		Release|Any CPU = Release|Any CPU
	EndGlobalSection
	GlobalSection(ProjectConfigurationPlatforms) = postSolution
		{0A9B5455-434F-4F70-8801-24C168EBF40C}.Debug|Any CPU.ActiveCfg = Debug|Any CPU
		{0A9B5455-434F-4F70-8801-24C168EBF40C}.Debug|Any CPU.Build.0 = Debug|Any CPU
		{0A9B5455-434F-4F70-8801-24C168EBF40C}.Release|Any CPU.ActiveCfg = Release|Any CPU
		{0A9B5455-434F-4F70-8801-24C168EBF40C}.Release|Any CPU.Build.0 = Release|Any CPU
	EndGlobalSection
	GlobalSection(SolutionProperties) = preSolution
		HideSolutionNode = FALSE
	EndGlobalSection
	GlobalSection(ExtensibilityGlobals) = postSolution
		SolutionGuid = {261FB5F8-2E46-46AF-8DE8-9A8E865630F9}
	EndGlobalSection
EndGlobal
