
Microsoft Visual Studio Solution File, Format Version 12.00
# Visual Studio Version 16
VisualStudioVersion = 16.0.31605.320
MinimumVisualStudioVersion = 10.0.40219.1
Project("{FAE04EC0-301F-11D3-BF4B-00C04F79EFBC}") = "Decorator Pattern Exercise", "Decorator Pattern Exercise.csproj", "{7F97BF4F-EFA6-4F98-B039-C82739664396}"
EndProject
Global
	GlobalSection(SolutionConfigurationPlatforms) = preSolution
		Debug|Any CPU = Debug|Any CPU
		Release|Any CPU = Release|Any CPU
	EndGlobalSection
	GlobalSection(ProjectConfigurationPlatforms) = postSolution
		{7F97BF4F-EFA6-4F98-B039-C82739664396}.Debug|Any CPU.ActiveCfg = Debug|Any CPU
		{7F97BF4F-EFA6-4F98-B039-C82739664396}.Debug|Any CPU.Build.0 = Debug|Any CPU
		{7F97BF4F-EFA6-4F98-B039-C82739664396}.Release|Any CPU.ActiveCfg = Release|Any CPU
		{7F97BF4F-EFA6-4F98-B039-C82739664396}.Release|Any CPU.Build.0 = Release|Any CPU
	EndGlobalSection
	GlobalSection(SolutionProperties) = preSolution
		HideSolutionNode = FALSE
	EndGlobalSection
	GlobalSection(ExtensibilityGlobals) = postSolution
		SolutionGuid = {160D1C1C-335B-4BD4-ABA9-4E440CEA2FDF}
	EndGlobalSection
EndGlobal
