
Microsoft Visual Studio Solution File, Format Version 12.00
# Visual Studio Version 16
VisualStudioVersion = 16.0.31605.320
MinimumVisualStudioVersion = 10.0.40219.1
Project("{FAE04EC0-301F-11D3-BF4B-00C04F79EFBC}") = "Chain Of Responsibility Exercise", "Chain Of Responsibility Exercise.csproj", "{07CF7B60-5D09-4DDE-8ED8-9B280A8D989E}"
EndProject
Global
	GlobalSection(SolutionConfigurationPlatforms) = preSolution
		Debug|Any CPU = Debug|Any CPU
		Release|Any CPU = Release|Any CPU
	EndGlobalSection
	GlobalSection(ProjectConfigurationPlatforms) = postSolution
		{07CF7B60-5D09-4DDE-8ED8-9B280A8D989E}.Debug|Any CPU.ActiveCfg = Debug|Any CPU
		{07CF7B60-5D09-4DDE-8ED8-9B280A8D989E}.Debug|Any CPU.Build.0 = Debug|Any CPU
		{07CF7B60-5D09-4DDE-8ED8-9B280A8D989E}.Release|Any CPU.ActiveCfg = Release|Any CPU
		{07CF7B60-5D09-4DDE-8ED8-9B280A8D989E}.Release|Any CPU.Build.0 = Release|Any CPU
	EndGlobalSection
	GlobalSection(SolutionProperties) = preSolution
		HideSolutionNode = FALSE
	EndGlobalSection
	GlobalSection(ExtensibilityGlobals) = postSolution
		SolutionGuid = {865BD3F4-CD8C-428E-8506-9213C8B6BAFC}
	EndGlobalSection
EndGlobal
