
Microsoft Visual Studio Solution File, Format Version 12.00
# Visual Studio Version 16
VisualStudioVersion = 16.0.31605.320
MinimumVisualStudioVersion = 10.0.40219.1
Project("{FAE04EC0-301F-11D3-BF4B-00C04F79EFBC}") = "Bridge Pattern", "Bridge Pattern.csproj", "{C6D7CEFD-9052-4540-A72F-3815D0720923}"
EndProject
Global
	GlobalSection(SolutionConfigurationPlatforms) = preSolution
		Debug|Any CPU = Debug|Any CPU
		Release|Any CPU = Release|Any CPU
	EndGlobalSection
	GlobalSection(ProjectConfigurationPlatforms) = postSolution
		{C6D7CEFD-9052-4540-A72F-3815D0720923}.Debug|Any CPU.ActiveCfg = Debug|Any CPU
		{C6D7CEFD-9052-4540-A72F-3815D0720923}.Debug|Any CPU.Build.0 = Debug|Any CPU
		{C6D7CEFD-9052-4540-A72F-3815D0720923}.Release|Any CPU.ActiveCfg = Release|Any CPU
		{C6D7CEFD-9052-4540-A72F-3815D0720923}.Release|Any CPU.Build.0 = Release|Any CPU
	EndGlobalSection
	GlobalSection(SolutionProperties) = preSolution
		HideSolutionNode = FALSE
	EndGlobalSection
	GlobalSection(ExtensibilityGlobals) = postSolution
		SolutionGuid = {A7ABB6CC-C952-4D5A-9390-16CA564493CD}
	EndGlobalSection
EndGlobal
